
Microsoft Visual Studio Solution File, Format Version 12.00
# Visual Studio Version 17
VisualStudioVersion = 17.1.32210.238
MinimumVisualStudioVersion = 10.0.40219.1
Project("{9A19103F-16F7-4668-BE54-9A1E7A4F7556}") = "AdopPix", "AdopPix.csproj", "{23F3274F-EF5F-4D90-BBA6-BEB81D39851D}"
EndProject
Project("{9A19103F-16F7-4668-BE54-9A1E7A4F7556}") = "AdopPix.DataAccess", "..\AdopPix.DataAccess\AdopPix.DataAccess.csproj", "{F28BF453-B3D2-41DE-A29C-08A2954DB3BC}"
EndProject
Project("{9A19103F-16F7-4668-BE54-9A1E7A4F7556}") = "AdopPix.Models", "..\AdopPix.Models\AdopPix.Models.csproj", "{5B27C605-04AF-4025-9660-322984F91753}"
EndProject
Project("{9A19103F-16F7-4668-BE54-9A1E7A4F7556}") = "AdopPix.Services", "..\AdopPix.Services\AdopPix.Services.csproj", "{506BBC6D-07EA-4438-96EE-5D306E7A50C3}"
EndProject
Global
	GlobalSection(SolutionConfigurationPlatforms) = preSolution
		Debug|Any CPU = Debug|Any CPU
		Release|Any CPU = Release|Any CPU
	EndGlobalSection
	GlobalSection(ProjectConfigurationPlatforms) = postSolution
		{23F3274F-EF5F-4D90-BBA6-BEB81D39851D}.Debug|Any CPU.ActiveCfg = Debug|Any CPU
		{23F3274F-EF5F-4D90-BBA6-BEB81D39851D}.Debug|Any CPU.Build.0 = Debug|Any CPU
		{23F3274F-EF5F-4D90-BBA6-BEB81D39851D}.Release|Any CPU.ActiveCfg = Release|Any CPU
		{23F3274F-EF5F-4D90-BBA6-BEB81D39851D}.Release|Any CPU.Build.0 = Release|Any CPU
		{F28BF453-B3D2-41DE-A29C-08A2954DB3BC}.Debug|Any CPU.ActiveCfg = Debug|Any CPU
		{F28BF453-B3D2-41DE-A29C-08A2954DB3BC}.Debug|Any CPU.Build.0 = Debug|Any CPU
		{F28BF453-B3D2-41DE-A29C-08A2954DB3BC}.Release|Any CPU.ActiveCfg = Release|Any CPU
		{F28BF453-B3D2-41DE-A29C-08A2954DB3BC}.Release|Any CPU.Build.0 = Release|Any CPU
		{5B27C605-04AF-4025-9660-322984F91753}.Debug|Any CPU.ActiveCfg = Debug|Any CPU
		{5B27C605-04AF-4025-9660-322984F91753}.Debug|Any CPU.Build.0 = Debug|Any CPU
		{5B27C605-04AF-4025-9660-322984F91753}.Release|Any CPU.ActiveCfg = Release|Any CPU
		{5B27C605-04AF-4025-9660-322984F91753}.Release|Any CPU.Build.0 = Release|Any CPU
		{506BBC6D-07EA-4438-96EE-5D306E7A50C3}.Debug|Any CPU.ActiveCfg = Debug|Any CPU
		{506BBC6D-07EA-4438-96EE-5D306E7A50C3}.Debug|Any CPU.Build.0 = Debug|Any CPU
		{506BBC6D-07EA-4438-96EE-5D306E7A50C3}.Release|Any CPU.ActiveCfg = Release|Any CPU
		{506BBC6D-07EA-4438-96EE-5D306E7A50C3}.Release|Any CPU.Build.0 = Release|Any CPU
	EndGlobalSection
	GlobalSection(SolutionProperties) = preSolution
		HideSolutionNode = FALSE
	EndGlobalSection
	GlobalSection(ExtensibilityGlobals) = postSolution
		SolutionGuid = {E6C4EC51-E99B-44B2-8D8C-9D2E65B594C3}
	EndGlobalSection
EndGlobal
